
Microsoft Visual Studio Solution File, Format Version 12.00
# Visual Studio Version 16
VisualStudioVersion = 16.0.31702.278
MinimumVisualStudioVersion = 10.0.40219.1
Project("{2150E333-8FDC-42A3-9474-1A3956D46DE8}") = "MSBuild", "MSBuild", "{B78B19F8-5618-4AEE-849D-CD3617D3CBBA}"
	ProjectSection(SolutionItems) = preProject
		Directory.Build.props = Directory.Build.props
		Directory.Build.props.default = Directory.Build.props.default
		Directory.Build.targets = Directory.Build.targets
	EndProjectSection
EndProject
Project("{FAE04EC0-301F-11D3-BF4B-00C04F79EFBC}") = "Freezer", "Freezer\Freezer.csproj", "{A605474B-68A3-4F02-9691-DC79066624A6}"
EndProject
Project("{FAE04EC0-301F-11D3-BF4B-00C04F79EFBC}") = "OniUtils", "OniUtils\OniUtils.csproj", "{84F7A199-E043-487E-BF9A-14791774C71B}"
EndProject
Project("{FAE04EC0-301F-11D3-BF4B-00C04F79EFBC}") = "MomentarySwitch", "MomentarySwitch\MomentarySwitch.csproj", "{7D502C97-C357-46A5-A569-5D31B47B0722}"
EndProject
Global
	GlobalSection(SolutionConfigurationPlatforms) = preSolution
		Debug|Any CPU = Debug|Any CPU
		Release|Any CPU = Release|Any CPU
	EndGlobalSection
	GlobalSection(ProjectConfigurationPlatforms) = postSolution
		{A605474B-68A3-4F02-9691-DC79066624A6}.Debug|Any CPU.ActiveCfg = Debug|Any CPU
		{A605474B-68A3-4F02-9691-DC79066624A6}.Debug|Any CPU.Build.0 = Debug|Any CPU
		{A605474B-68A3-4F02-9691-DC79066624A6}.Release|Any CPU.ActiveCfg = Release|Any CPU
		{A605474B-68A3-4F02-9691-DC79066624A6}.Release|Any CPU.Build.0 = Release|Any CPU
		{84F7A199-E043-487E-BF9A-14791774C71B}.Debug|Any CPU.ActiveCfg = Debug|Any CPU
		{84F7A199-E043-487E-BF9A-14791774C71B}.Debug|Any CPU.Build.0 = Debug|Any CPU
		{84F7A199-E043-487E-BF9A-14791774C71B}.Release|Any CPU.ActiveCfg = Release|Any CPU
		{84F7A199-E043-487E-BF9A-14791774C71B}.Release|Any CPU.Build.0 = Release|Any CPU
		{7D502C97-C357-46A5-A569-5D31B47B0722}.Debug|Any CPU.ActiveCfg = Debug|Any CPU
		{7D502C97-C357-46A5-A569-5D31B47B0722}.Debug|Any CPU.Build.0 = Debug|Any CPU
		{7D502C97-C357-46A5-A569-5D31B47B0722}.Release|Any CPU.ActiveCfg = Release|Any CPU
		{7D502C97-C357-46A5-A569-5D31B47B0722}.Release|Any CPU.Build.0 = Release|Any CPU
	EndGlobalSection
	GlobalSection(SolutionProperties) = preSolution
		HideSolutionNode = FALSE
	EndGlobalSection
	GlobalSection(ExtensibilityGlobals) = postSolution
		SolutionGuid = {B3D3405E-36F6-40CF-8B33-9BEC6C65B7DD}
	EndGlobalSection
EndGlobal
